
Microsoft Visual Studio Solution File, Format Version 11.00
# Visual Studio 2010
Project("{FAE04EC0-301F-11D3-BF4B-00C04F79EFBC}") = "DialogueDisputeGameClient", "DialogueDisputeGameMultiplayer\DialogueDisputeGameClient.csproj", "{CB6A674F-CDF9-476D-8837-36244C86F605}"
EndProject
Project("{FAE04EC0-301F-11D3-BF4B-00C04F79EFBC}") = "DialogueDisputeGameServer", "DialogueDisputeGameServer\DialogueDisputeGameServer.csproj", "{31E3DCF7-0A5D-4931-9D18-69565F331E46}"
EndProject
Project("{FAE04EC0-301F-11D3-BF4B-00C04F79EFBC}") = "DisputeCommon", "DisputeCommon\DisputeCommon.csproj", "{167F1723-8C57-40CC-98CF-7402DF5A2934}"
EndProject
Project("{2150E333-8FDC-42A3-9474-1A3956D46DE8}") = "Solution Items", "Solution Items", "{D3C3DFD2-C731-4E50-BD11-D9B5F9E36665}"
	ProjectSection(SolutionItems) = preProject
		DialogueDisputeGameMultiplayer.vsmdi = DialogueDisputeGameMultiplayer.vsmdi
		DialogueDisputeGameMultiplayer1.vsmdi = DialogueDisputeGameMultiplayer1.vsmdi
		Local.testsettings = Local.testsettings
		TraceAndTestImpact.testsettings = TraceAndTestImpact.testsettings
	EndProjectSection
EndProject
Project("{FAE04EC0-301F-11D3-BF4B-00C04F79EFBC}") = "DisputeGameConnectionService", "DisputeGameConnectionService\DisputeGameConnectionService.csproj", "{A1A10672-49C1-4069-8189-1CBD939F13EB}"
EndProject
Project("{FAE04EC0-301F-11D3-BF4B-00C04F79EFBC}") = "DialogueDisputeOpenGLView", "DialogueDisputeOpenGLView\DialogueDisputeOpenGLView.csproj", "{C078777B-0A68-42B0-9048-60A7066E874D}"
EndProject
Project("{FAE04EC0-301F-11D3-BF4B-00C04F79EFBC}") = "OfflineServerTest", "OfflineServerTest\OfflineServerTest.csproj", "{790C2AFD-A863-45A1-9297-B8B366B50B7C}"
EndProject
Project("{FAE04EC0-301F-11D3-BF4B-00C04F79EFBC}") = "DialogueDisputeFormsGame", "DialogueDisputeFormsGame\DialogueDisputeFormsGame.csproj", "{EC1F7469-6839-4B1A-B5A2-8C503EFD272A}"
EndProject
Global
	GlobalSection(SubversionScc) = preSolution
		Svn-Managed = True
		Manager = AnkhSVN - Subversion Support for Visual Studio
	EndGlobalSection
	GlobalSection(TestCaseManagementSettings) = postSolution
		CategoryFile = DialogueDisputeGameMultiplayer1.vsmdi
	EndGlobalSection
	GlobalSection(SolutionConfigurationPlatforms) = preSolution
		Debug|Any CPU = Debug|Any CPU
		Debug|Mixed Platforms = Debug|Mixed Platforms
		Debug|x86 = Debug|x86
		Release|Any CPU = Release|Any CPU
		Release|Mixed Platforms = Release|Mixed Platforms
		Release|x86 = Release|x86
	EndGlobalSection
	GlobalSection(ProjectConfigurationPlatforms) = postSolution
		{CB6A674F-CDF9-476D-8837-36244C86F605}.Debug|Any CPU.ActiveCfg = Debug|x86
		{CB6A674F-CDF9-476D-8837-36244C86F605}.Debug|Mixed Platforms.ActiveCfg = Debug|x86
		{CB6A674F-CDF9-476D-8837-36244C86F605}.Debug|Mixed Platforms.Build.0 = Debug|x86
		{CB6A674F-CDF9-476D-8837-36244C86F605}.Debug|x86.ActiveCfg = Debug|x86
		{CB6A674F-CDF9-476D-8837-36244C86F605}.Debug|x86.Build.0 = Debug|x86
		{CB6A674F-CDF9-476D-8837-36244C86F605}.Release|Any CPU.ActiveCfg = Release|x86
		{CB6A674F-CDF9-476D-8837-36244C86F605}.Release|Mixed Platforms.ActiveCfg = Release|x86
		{CB6A674F-CDF9-476D-8837-36244C86F605}.Release|Mixed Platforms.Build.0 = Release|x86
		{CB6A674F-CDF9-476D-8837-36244C86F605}.Release|x86.ActiveCfg = Release|x86
		{CB6A674F-CDF9-476D-8837-36244C86F605}.Release|x86.Build.0 = Release|x86
		{31E3DCF7-0A5D-4931-9D18-69565F331E46}.Debug|Any CPU.ActiveCfg = Debug|x86
		{31E3DCF7-0A5D-4931-9D18-69565F331E46}.Debug|Mixed Platforms.ActiveCfg = Debug|x86
		{31E3DCF7-0A5D-4931-9D18-69565F331E46}.Debug|Mixed Platforms.Build.0 = Debug|x86
		{31E3DCF7-0A5D-4931-9D18-69565F331E46}.Debug|x86.ActiveCfg = Debug|x86
		{31E3DCF7-0A5D-4931-9D18-69565F331E46}.Debug|x86.Build.0 = Debug|x86
		{31E3DCF7-0A5D-4931-9D18-69565F331E46}.Release|Any CPU.ActiveCfg = Release|x86
		{31E3DCF7-0A5D-4931-9D18-69565F331E46}.Release|Mixed Platforms.ActiveCfg = Release|x86
		{31E3DCF7-0A5D-4931-9D18-69565F331E46}.Release|Mixed Platforms.Build.0 = Release|x86
		{31E3DCF7-0A5D-4931-9D18-69565F331E46}.Release|x86.ActiveCfg = Release|x86
		{31E3DCF7-0A5D-4931-9D18-69565F331E46}.Release|x86.Build.0 = Release|x86
		{167F1723-8C57-40CC-98CF-7402DF5A2934}.Debug|Any CPU.ActiveCfg = Debug|Any CPU
		{167F1723-8C57-40CC-98CF-7402DF5A2934}.Debug|Any CPU.Build.0 = Debug|Any CPU
		{167F1723-8C57-40CC-98CF-7402DF5A2934}.Debug|Mixed Platforms.ActiveCfg = Debug|Any CPU
		{167F1723-8C57-40CC-98CF-7402DF5A2934}.Debug|Mixed Platforms.Build.0 = Debug|Any CPU
		{167F1723-8C57-40CC-98CF-7402DF5A2934}.Debug|x86.ActiveCfg = Debug|Any CPU
		{167F1723-8C57-40CC-98CF-7402DF5A2934}.Release|Any CPU.ActiveCfg = Release|Any CPU
		{167F1723-8C57-40CC-98CF-7402DF5A2934}.Release|Any CPU.Build.0 = Release|Any CPU
		{167F1723-8C57-40CC-98CF-7402DF5A2934}.Release|Mixed Platforms.ActiveCfg = Release|Any CPU
		{167F1723-8C57-40CC-98CF-7402DF5A2934}.Release|Mixed Platforms.Build.0 = Release|Any CPU
		{167F1723-8C57-40CC-98CF-7402DF5A2934}.Release|x86.ActiveCfg = Release|Any CPU
		{A1A10672-49C1-4069-8189-1CBD939F13EB}.Debug|Any CPU.ActiveCfg = Debug|Any CPU
		{A1A10672-49C1-4069-8189-1CBD939F13EB}.Debug|Any CPU.Build.0 = Debug|Any CPU
		{A1A10672-49C1-4069-8189-1CBD939F13EB}.Debug|Mixed Platforms.ActiveCfg = Debug|Any CPU
		{A1A10672-49C1-4069-8189-1CBD939F13EB}.Debug|Mixed Platforms.Build.0 = Debug|Any CPU
		{A1A10672-49C1-4069-8189-1CBD939F13EB}.Debug|x86.ActiveCfg = Debug|Any CPU
		{A1A10672-49C1-4069-8189-1CBD939F13EB}.Release|Any CPU.ActiveCfg = Release|Any CPU
		{A1A10672-49C1-4069-8189-1CBD939F13EB}.Release|Any CPU.Build.0 = Release|Any CPU
		{A1A10672-49C1-4069-8189-1CBD939F13EB}.Release|Mixed Platforms.ActiveCfg = Release|Any CPU
		{A1A10672-49C1-4069-8189-1CBD939F13EB}.Release|Mixed Platforms.Build.0 = Release|Any CPU
		{A1A10672-49C1-4069-8189-1CBD939F13EB}.Release|x86.ActiveCfg = Release|Any CPU
		{C078777B-0A68-42B0-9048-60A7066E874D}.Debug|Any CPU.ActiveCfg = Debug|x86
		{C078777B-0A68-42B0-9048-60A7066E874D}.Debug|Mixed Platforms.ActiveCfg = Debug|x86
		{C078777B-0A68-42B0-9048-60A7066E874D}.Debug|Mixed Platforms.Build.0 = Debug|x86
		{C078777B-0A68-42B0-9048-60A7066E874D}.Debug|x86.ActiveCfg = Debug|x86
		{C078777B-0A68-42B0-9048-60A7066E874D}.Debug|x86.Build.0 = Debug|x86
		{C078777B-0A68-42B0-9048-60A7066E874D}.Release|Any CPU.ActiveCfg = Release|x86
		{C078777B-0A68-42B0-9048-60A7066E874D}.Release|Mixed Platforms.ActiveCfg = Release|x86
		{C078777B-0A68-42B0-9048-60A7066E874D}.Release|Mixed Platforms.Build.0 = Release|x86
		{C078777B-0A68-42B0-9048-60A7066E874D}.Release|x86.ActiveCfg = Release|x86
		{C078777B-0A68-42B0-9048-60A7066E874D}.Release|x86.Build.0 = Release|x86
		{790C2AFD-A863-45A1-9297-B8B366B50B7C}.Debug|Any CPU.ActiveCfg = Debug|Any CPU
		{790C2AFD-A863-45A1-9297-B8B366B50B7C}.Debug|Any CPU.Build.0 = Debug|Any CPU
		{790C2AFD-A863-45A1-9297-B8B366B50B7C}.Debug|Mixed Platforms.ActiveCfg = Debug|Any CPU
		{790C2AFD-A863-45A1-9297-B8B366B50B7C}.Debug|Mixed Platforms.Build.0 = Debug|Any CPU
		{790C2AFD-A863-45A1-9297-B8B366B50B7C}.Debug|x86.ActiveCfg = Debug|Any CPU
		{790C2AFD-A863-45A1-9297-B8B366B50B7C}.Release|Any CPU.ActiveCfg = Release|Any CPU
		{790C2AFD-A863-45A1-9297-B8B366B50B7C}.Release|Any CPU.Build.0 = Release|Any CPU
		{790C2AFD-A863-45A1-9297-B8B366B50B7C}.Release|Mixed Platforms.ActiveCfg = Release|Any CPU
		{790C2AFD-A863-45A1-9297-B8B366B50B7C}.Release|Mixed Platforms.Build.0 = Release|Any CPU
		{790C2AFD-A863-45A1-9297-B8B366B50B7C}.Release|x86.ActiveCfg = Release|Any CPU
		{EC1F7469-6839-4B1A-B5A2-8C503EFD272A}.Debug|Any CPU.ActiveCfg = Debug|x86
		{EC1F7469-6839-4B1A-B5A2-8C503EFD272A}.Debug|Mixed Platforms.ActiveCfg = Debug|x86
		{EC1F7469-6839-4B1A-B5A2-8C503EFD272A}.Debug|Mixed Platforms.Build.0 = Debug|x86
		{EC1F7469-6839-4B1A-B5A2-8C503EFD272A}.Debug|x86.ActiveCfg = Debug|x86
		{EC1F7469-6839-4B1A-B5A2-8C503EFD272A}.Debug|x86.Build.0 = Debug|x86
		{EC1F7469-6839-4B1A-B5A2-8C503EFD272A}.Release|Any CPU.ActiveCfg = Release|x86
		{EC1F7469-6839-4B1A-B5A2-8C503EFD272A}.Release|Mixed Platforms.ActiveCfg = Release|x86
		{EC1F7469-6839-4B1A-B5A2-8C503EFD272A}.Release|Mixed Platforms.Build.0 = Release|x86
		{EC1F7469-6839-4B1A-B5A2-8C503EFD272A}.Release|x86.ActiveCfg = Release|x86
		{EC1F7469-6839-4B1A-B5A2-8C503EFD272A}.Release|x86.Build.0 = Release|x86
	EndGlobalSection
	GlobalSection(SolutionProperties) = preSolution
		HideSolutionNode = FALSE
	EndGlobalSection
EndGlobal
